
Microsoft Visual Studio Solution File, Format Version 12.00
# Visual Studio Version 17
VisualStudioVersion = 17.8.34309.116
MinimumVisualStudioVersion = 10.0.40219.1
Project("{FAE04EC0-301F-11D3-BF4B-00C04F79EFBC}") = "FizzBuzz", "FizzBuzz\FizzBuzz.csproj", "{E77DBBC6-2D68-4637-A1C8-BFE324241FD4}"
EndProject
Project("{FAE04EC0-301F-11D3-BF4B-00C04F79EFBC}") = "FizzBuzz.Tests", "FizzBuzz.Tests\FizzBuzz.Tests.csproj", "{98077D8F-4B78-47F7-8AFC-005DDDBC7F67}"
EndProject
Global
	GlobalSection(SolutionConfigurationPlatforms) = preSolution
		Debug|Any CPU = Debug|Any CPU
		Release|Any CPU = Release|Any CPU
	EndGlobalSection
	GlobalSection(ProjectConfigurationPlatforms) = postSolution
		{E77DBBC6-2D68-4637-A1C8-BFE324241FD4}.Debug|Any CPU.ActiveCfg = Debug|Any CPU
		{E77DBBC6-2D68-4637-A1C8-BFE324241FD4}.Debug|Any CPU.Build.0 = Debug|Any CPU
		{E77DBBC6-2D68-4637-A1C8-BFE324241FD4}.Release|Any CPU.ActiveCfg = Release|Any CPU
		{E77DBBC6-2D68-4637-A1C8-BFE324241FD4}.Release|Any CPU.Build.0 = Release|Any CPU
		{98077D8F-4B78-47F7-8AFC-005DDDBC7F67}.Debug|Any CPU.ActiveCfg = Debug|Any CPU
		{98077D8F-4B78-47F7-8AFC-005DDDBC7F67}.Debug|Any CPU.Build.0 = Debug|Any CPU
		{98077D8F-4B78-47F7-8AFC-005DDDBC7F67}.Release|Any CPU.ActiveCfg = Release|Any CPU
		{98077D8F-4B78-47F7-8AFC-005DDDBC7F67}.Release|Any CPU.Build.0 = Release|Any CPU
	EndGlobalSection
	GlobalSection(SolutionProperties) = preSolution
		HideSolutionNode = FALSE
	EndGlobalSection
	GlobalSection(ExtensibilityGlobals) = postSolution
		SolutionGuid = {4583CD54-C18C-4714-813D-278468901C48}
	EndGlobalSection
EndGlobal
